lockfileVersion: '9.0'

settings:
  autoInstallPeers: true
  excludeLinksFromLockfile: false

importers:

  .:
    dependencies:
      hastscript:
        specifier: ^9.0.0
        version: 9.0.0
    devDependencies:
      '@shikijs/types':
        specifier: ^3.4.2
        version: 3.4.2
      typescript:
        specifier: ^5.8.3
        version: 5.8.3

packages:

  '@shikijs/types@3.4.2':
    resolution: {integrity: sha512-zHC1l7L+eQlDXLnxvM9R91Efh2V4+rN3oMVS2swCBssbj2U/FBwybD1eeLaq8yl/iwT+zih8iUbTBCgGZOYlVg==}

  '@shikijs/vscode-textmate@10.0.2':
    resolution: {integrity: sha512-83yeghZ2xxin3Nj8z1NMd/NCuca+gsYXswywDy5bHvwlWL8tpTQmzGeUuHd9FC3E/SBEMvzJRwWEOz5gGes9Qg==}

  '@types/hast@3.0.4':
    resolution: {integrity: sha512-WPs+bbQw5aCj+x6laNGWLH3wviHtoCv/P3+otBhbOhJgG8qtpdAMlTCxLtsTWA7LH1Oh/bFCHsBn0TPS5m30EQ==}

  '@types/unist@3.0.2':
    resolution: {integrity: sha512-dqId9J8K/vGi5Zr7oo212BGii5m3q5Hxlkwy3WpYuKPklmBEvsbMYYyLxAQpSffdLl/gdW0XUpKWFvYmyoWCoQ==}

  comma-separated-tokens@2.0.3:
    resolution: {integrity: sha512-Fu4hJdvzeylCfQPp9SGWidpzrMs7tTrlu6Vb8XGaRGck8QSNZJJp538Wrb60Lax4fPwR64ViY468OIUTbRlGZg==}

  hast-util-parse-selector@4.0.0:
    resolution: {integrity: sha512-wkQCkSYoOGCRKERFWcxMVMOcYE2K1AaNLU8DXS9arxnLOUEWbOXKXiJUNzEpqZ3JOKpnha3jkFrumEjVliDe7A==}

  hastscript@9.0.0:
    resolution: {integrity: sha512-jzaLBGavEDKHrc5EfFImKN7nZKKBdSLIdGvCwDZ9TfzbF2ffXiov8CKE445L2Z1Ek2t/m4SKQ2j6Ipv7NyUolw==}

  property-information@6.4.1:
    resolution: {integrity: sha512-OHYtXfu5aI2sS2LWFSN5rgJjrQ4pCy8i1jubJLe2QvMF8JJ++HXTUIVWFLfXJoaOfvYYjk2SN8J2wFUWIGXT4w==}

  space-separated-tokens@2.0.2:
    resolution: {integrity: sha512-PEGlAwrG8yXGXRjW32fGbg66JAlOAwbObuqVoJpv/mRgoWDQfgH1wDPvtzWyUSNAXBGSk8h755YDbbcEy3SH2Q==}

  typescript@5.8.3:
    resolution: {integrity: sha512-p1diW6TqL9L07nNxvRMM7hMMw4c5XOo/1ibL4aAIGmSAt9slTE1Xgw5KWuof2uTOvCg9BY7ZRi+GaF+7sfgPeQ==}
    engines: {node: '>=14.17'}
    hasBin: true

snapshots:

  '@shikijs/types@3.4.2':
    dependencies:
      '@shikijs/vscode-textmate': 10.0.2
      '@types/hast': 3.0.4

  '@shikijs/vscode-textmate@10.0.2': {}

  '@types/hast@3.0.4':
    dependencies:
      '@types/unist': 3.0.2

  '@types/unist@3.0.2': {}

  comma-separated-tokens@2.0.3: {}

  hast-util-parse-selector@4.0.0:
    dependencies:
      '@types/hast': 3.0.4

  hastscript@9.0.0:
    dependencies:
      '@types/hast': 3.0.4
      comma-separated-tokens: 2.0.3
      hast-util-parse-selector: 4.0.0
      property-information: 6.4.1
      space-separated-tokens: 2.0.2

  property-information@6.4.1: {}

  space-separated-tokens@2.0.2: {}

  typescript@5.8.3: {}
